github.com/cristalhq/bencode v0.4.0 h1:B36RbL5Gp9bnkXC5Ndqh85pPcp2kY/E742hxbtJCagQ=
github.com/cristalhq/bencode v0.4.0/go.mod h1:UzwEwNnEAzKXxgLYQ0IUJgzy9Vd+oYjhD7PhJGVnwuY=
github.com/jackpal/bencode-go v1.0.0 h1:lzbSPPqqSfWQnqVNe/BBY1NXdDpncArxShL10+fmFus=
github.com/jackpal/bencode-go v1.0.0/go.mod h1:5FSBQ74yhCl5oQ+QxRPYzWMONFnxbL68/23eezsBI5c=
github.com/zeebo/bencode v1.0.0 h1:zgop0Wu1nu4IexAZeCZ5qbsjU4O1vMrfCrVgUjbHVuA=
github.com/zeebo/bencode v1.0.0/go.mod h1:Ct7CkrWIQuLWAy9M3atFHYq4kG9Ao/SsY5cdtCXmp9Y=
